<?xml version="1.0" encoding="utf-8"?>
<Project ToolsVersion="4.0" xmlns="http://schemas.microsoft.com/developer/msbuild/2003">
  <ItemGroup>
    <Filter Include="Source Files">
      <UniqueIdentifier>{4FC737F1-C7A5-4376-A066-2A32D752A2FF}</UniqueIdentifier>
      <Extensions>cpp;c;cc;cxx;c++;cppm;ixx;def;odl;idl;hpj;bat;asm;asmx</Extensions>
    </Filter>
    <Filter Include="Header Files">
      <UniqueIdentifier>{93995380-89BD-4b04-88EB-625FBE52EBFB}</UniqueIdentifier>
      <Extensions>h;hh;hpp;hxx;h++;hm;inl;inc;ipp;xsd</Extensions>
    </Filter>
    <Filter Include="Resource Files">
      <UniqueIdentifier>{67DA6AB6-F800-4c08-8B7A-83BB121AAD01}</UniqueIdentifier>
      <Extensions>rc;ico;cur;bmp;dlg;rc2;rct;bin;rgs;gif;jpg;jpeg;jpe;resx;tiff;tif;png;wav;mfcribbon-ms</Extensions>
    </Filter>
  </ItemGroup>
  <ItemGroup>
    <ClCompile Include="Application.cpp">
      <Filter>Source Files</Filter>
    </ClCompile>
    <ClCompile Include="glad\src\glad.c">
      <Filter>Source Files</Filter>
    </ClCompile>
    <ClCompile Include="Rendering\Window.cpp">
      <Filter>Source Files</Filter>
    </ClCompile>
    <ClCompile Include="Utils\Math\Vec2.cpp">
      <Filter>Source Files</Filter>
    </ClCompile>
    <ClCompile Include="Utils\Math\Vec3.cpp">
      <Filter>Source Files</Filter>
    </ClCompile>
    <ClCompile Include="Utils\Math\Vec4.cpp">
      <Filter>Source Files</Filter>
    </ClCompile>
    <ClCompile Include="Rendering\BufferManager.cpp">
      <Filter>Source Files</Filter>
    </ClCompile>
    <ClCompile Include="Rendering\Sprite.cpp">
      <Filter>Source Files</Filter>
    </ClCompile>
    <ClCompile Include="Objects\GameObject.cpp">
      <Filter>Source Files</Filter>
    </ClCompile>
    <ClCompile Include="Resources\AssetManager.cpp">
      <Filter>Source Files</Filter>
    </ClCompile>
    <ClCompile Include="Objects\Chunk.cpp">
      <Filter>Source Files</Filter>
    </ClCompile>
    <ClCompile Include="Rendering\Camera\Camera.cpp">
      <Filter>Source Files</Filter>
    </ClCompile>
    <ClCompile Include="Input\InputManager.cpp">
      <Filter>Source Files</Filter>
    </ClCompile>
    <ClCompile Include="Rendering\Camera\MoveableCamera.cpp">
      <Filter>Source Files</Filter>
    </ClCompile>
    <ClCompile Include="Utils\CollisionDetection.cpp">
      <Filter>Source Files</Filter>
    </ClCompile>
    <ClCompile Include="Utils\Math\iVec2.cpp">
      <Filter>Source Files</Filter>
    </ClCompile>
    <ClCompile Include="Rendering\Renderers\Renderer.cpp">
      <Filter>Source Files</Filter>
    </ClCompile>
    <ClCompile Include="Objects\GUI\StaticGUIElement.cpp">
      <Filter>Source Files</Filter>
    </ClCompile>
    <ClCompile Include="Utils\Time\GameTime.cpp">
      <Filter>Source Files</Filter>
    </ClCompile>
    <ClCompile Include="Utils\IUpdateable.h">
      <Filter>Source Files</Filter>
    </ClCompile>
    <ClCompile Include="Utils\UpdateManager.cpp">
      <Filter>Source Files</Filter>
    </ClCompile>
    <ClCompile Include="Utils\RemoveableUpdateable.cpp">
      <Filter>Source Files</Filter>
    </ClCompile>
    <ClCompile Include="Audio\SoundManager.cpp">
      <Filter>Source Files</Filter>
    </ClCompile>
    <ClCompile Include="Audio\SoundTypes\Sound.cpp">
      <Filter>Source Files</Filter>
    </ClCompile>
    <ClCompile Include="Objects\Levels\Data\LevelDataParser.cpp">
      <Filter>Source Files</Filter>
    </ClCompile>
    <ClCompile Include="Game\Game.cpp">
      <Filter>Source Files</Filter>
    </ClCompile>
    <ClCompile Include="!TestGame\TestGame.cpp">
      <Filter>Source Files</Filter>
    </ClCompile>
    <ClCompile Include="Components\IComponent.h">
      <Filter>Source Files</Filter>
    </ClCompile>
    <ClCompile Include="!TestGame\Mappings.cpp">
      <Filter>Source Files</Filter>
    </ClCompile>
    <ClCompile Include="Components\Physics\PhysicsComponent.cpp">
      <Filter>Source Files</Filter>
    </ClCompile>
    <ClCompile Include="Components\Physics\GravityComponent.cpp">
      <Filter>Source Files</Filter>
    </ClCompile>
    <ClCompile Include="Components\Physics\Collision\StaticBoxCollider.cpp">
      <Filter>Source Files</Filter>
    </ClCompile>
    <ClCompile Include="Components\Physics\Collision\CollisionManager.cpp">
      <Filter>Source Files</Filter>
    </ClCompile>
    <ClCompile Include="Components\Physics\Collision\ActiveBoxCollider.cpp">
      <Filter>Source Files</Filter>
    </ClCompile>
    <ClCompile Include="Components\Physics\Collision\Helpers\ActiveBoxCollisionGravityObject.h">
      <Filter>Source Files</Filter>
    </ClCompile>
    <ClCompile Include="!TestGame\Objects\Player\Player.cpp">
      <Filter>Source Files</Filter>
    </ClCompile>
    <ClCompile Include="Components\Physics\Collision\Helpers\ActiveBoxCollisionGravityObject.cpp">
      <Filter>Source Files</Filter>
    </ClCompile>
    <ClCompile Include="Components\Animation\AnimatorComponent.cpp">
      <Filter>Source Files</Filter>
    </ClCompile>
    <ClCompile Include="!TestGame\Objects\Environment\Water.cpp">
      <Filter>Source Files</Filter>
    </ClCompile>
    <ClCompile Include="Rendering\DynamicSprite.cpp">
      <Filter>Source Files</Filter>
    </ClCompile>
    <ClCompile Include="!TestGame\Camera\GameCamera.cpp">
      <Filter>Source Files</Filter>
    </ClCompile>
    <ClCompile Include="Components\Physics\Collision\PixelPerfectCollider.cpp">
      <Filter>Source Files</Filter>
    </ClCompile>
    <ClCompile Include="!TestGame\Objects\Environment\CloudGenerator.cpp">
      <Filter>Source Files</Filter>
    </ClCompile>
    <ClCompile Include="!TestGame\Objects\Environment\BackgroundObjects.cpp">
      <Filter>Source Files</Filter>
    </ClCompile>
    <ClCompile Include="Settings\AppDataFileManager.cpp">
      <Filter>Source Files</Filter>
    </ClCompile>
    <ClCompile Include="Settings\SettingsGlobals.cpp">
      <Filter>Source Files</Filter>
    </ClCompile>
    <ClCompile Include="MusicSync\MusicSync.cpp">
      <Filter>Source Files</Filter>
    </ClCompile>
    <ClCompile Include="Objects\GUI\GUIButton.cpp">
      <Filter>Source Files</Filter>
    </ClCompile>
    <ClCompile Include="Objects\GUI\GUIManager.cpp">
      <Filter>Source Files</Filter>
    </ClCompile>
    <ClCompile Include="!TestGame\Objects\Platforms\RotatingPlatform.h">
      <Filter>Source Files</Filter>
    </ClCompile>
    <ClCompile Include="!TestGame\Objects\Platforms\RotatingPlatform.cpp">
      <Filter>Source Files</Filter>
    </ClCompile>
    <ClCompile Include="Components\Physics\Collision\Helpers\BasicMovingPlatform.cpp">
      <Filter>Source Files</Filter>
    </ClCompile>
    <ClCompile Include="Debug\LevelBuilder\LevelBuilder.cpp">
      <Filter>Source Files</Filter>
    </ClCompile>
    <ClCompile Include="!TestGame\Items\InventoryItem.cpp">
      <Filter>Source Files</Filter>
    </ClCompile>
    <ClCompile Include="!TestGame\Items\FloorItem.cpp">
      <Filter>Source Files</Filter>
    </ClCompile>
    <ClCompile Include="Components\Physics\Collision\RotationalBoxCollider.cpp">
      <Filter>Source Files</Filter>
    </ClCompile>
    <ClCompile Include="Objects\GUI\Text\TextRenderer.cpp">
      <Filter>Source Files</Filter>
    </ClCompile>
    <ClCompile Include="Objects\GUI\Menus\GUIMenu.cpp">
      <Filter>Source Files</Filter>
    </ClCompile>
    <ClCompile Include="Objects\GUI\Progress\ProgressBar.cpp">
      <Filter>Source Files</Filter>
    </ClCompile>
    <ClCompile Include="!TestGame\Items\Inventory.cpp">
      <Filter>Source Files</Filter>
    </ClCompile>
    <ClCompile Include="!TestGame\Level\GlobalLevelData.cpp">
      <Filter>Source Files</Filter>
    </ClCompile>
    <ClCompile Include="Objects\Instantiate\LevelObjectHandler.cpp">
      <Filter>Source Files</Filter>
    </ClCompile>
    <ClCompile Include="Objects\Particles\ParticleEmitter.cpp">
      <Filter>Source Files</Filter>
    </ClCompile>
    <ClCompile Include="Resources\base64.h">
      <Filter>Source Files</Filter>
    </ClCompile>
    <ClCompile Include="Resources\base64.cpp">
      <Filter>Source Files</Filter>
    </ClCompile>
    <ClCompile Include="Resources\Save\SaveManager.cpp">
      <Filter>Source Files</Filter>
    </ClCompile>
    <ClCompile Include="Objects\StateSaver.cpp">
      <Filter>Source Files</Filter>
    </ClCompile>
    <ClCompile Include="!TestGame\Objects\Environment\Plants\Tree.cpp">
      <Filter>Source Files</Filter>
    </ClCompile>
    <ClCompile Include="!TestGame\Objects\Player\ScreenInventory.cpp">
      <Filter>Source Files</Filter>
    </ClCompile>
    <ClCompile Include="Objects\Helpers\Interactable.cpp">
      <Filter>Source Files</Filter>
    </ClCompile>
    <ClCompile Include="!TestGame\InputDisplay\DisplayIconManager.cpp">
      <Filter>Source Files</Filter>
    </ClCompile>
    <ClCompile Include="!TestGame\Objects\Components\Climbable.cpp">
      <Filter>Source Files</Filter>
    </ClCompile>
    <ClCompile Include="!TestGame\Items\Inventories\InventoryContainer.cpp">
      <Filter>Source Files</Filter>
    </ClCompile>
    <ClCompile Include="!TestGame\Items\Inventories\InventoryContainerRenderer.cpp">
      <Filter>Source Files</Filter>
    </ClCompile>
    <ClCompile Include="!TestGame\Level\LevelInfoDisplay.cpp">
      <Filter>Source Files</Filter>
    </ClCompile>
    <ClCompile Include="!TestGame\Level\LevelManager.cpp">
      <Filter>Source Files</Filter>
    </ClCompile>
    <ClCompile Include="!TestGame\Objects\Enemies\Enemy.cpp">
      <Filter>Source Files</Filter>
    </ClCompile>
    <ClCompile Include="!TestGame\Items\Types\Tool.cpp">
      <Filter>Source Files</Filter>
    </ClCompile>
    <ClCompile Include="Objects\MiscStateGroup.cpp">
      <Filter>Source Files</Filter>
    </ClCompile>
    <ClCompile Include="!TestGame\Objects\Enemies\Types\LeftRightEnemy.cpp">
      <Filter>Source Files</Filter>
    </ClCompile>
    <ClCompile Include="!TestGame\Objects\LayerFlip.cpp">
      <Filter>Source Files</Filter>
    </ClCompile>
    <ClCompile Include="!TestGame\Objects\Environment\Buildings\FrontWall.cpp">
      <Filter>Source Files</Filter>
    </ClCompile>
    <ClCompile Include="!TestGame\ItemMapping.cpp">
      <Filter>Source Files</Filter>
    </ClCompile>
    <ClCompile Include="!TestGame\Objects\Environment\Buildings\Door.cpp">
      <Filter>Source Files</Filter>
    </ClCompile>
  </ItemGroup>
  <ItemGroup>
    <ClInclude Include="glad\include\glad\glad.h">
      <Filter>Header Files</Filter>
    </ClInclude>
    <ClInclude Include="glad\include\KHR\khrplatform.h">
      <Filter>Header Files</Filter>
    </ClInclude>
    <ClInclude Include="Rendering\Window.h">
      <Filter>Header Files</Filter>
    </ClInclude>
    <ClInclude Include="Utils\Math\Vec2.h">
      <Filter>Header Files</Filter>
    </ClInclude>
    <ClInclude Include="Utils\Math\Vec3.h">
      <Filter>Header Files</Filter>
    </ClInclude>
    <ClInclude Include="Utils\Math\Vec4.h">
      <Filter>Header Files</Filter>
    </ClInclude>
    <ClInclude Include="Rendering\BufferManager.h">
      <Filter>Header Files</Filter>
    </ClInclude>
    <ClInclude Include="stbi_image\stbi_image.h">
      <Filter>Header Files</Filter>
    </ClInclude>
    <ClInclude Include="Rendering\Sprite.h">
      <Filter>Header Files</Filter>
    </ClInclude>
    <ClInclude Include="Objects\GameObject.h">
      <Filter>Header Files</Filter>
    </ClInclude>
    <ClInclude Include="Resources\AssetManager.h">
      <Filter>Header Files</Filter>
    </ClInclude>
    <ClInclude Include="Objects\Chunk.h">
      <Filter>Header Files</Filter>
    </ClInclude>
    <ClInclude Include="Rendering\Camera\Camera.h">
      <Filter>Header Files</Filter>
    </ClInclude>
    <ClInclude Include="Rendering\Camera\MoveableCamera.h">
      <Filter>Header Files</Filter>
    </ClInclude>
    <ClInclude Include="Input\InputManager.h">
      <Filter>Header Files</Filter>
    </ClInclude>
    <ClInclude Include="Utils\CollisionDetection.h">
      <Filter>Header Files</Filter>
    </ClInclude>
    <ClInclude Include="Utils\Math\iVec2.h">
      <Filter>Header Files</Filter>
    </ClInclude>
    <ClInclude Include="Rendering\Renderers\Renderer.h">
      <Filter>Header Files</Filter>
    </ClInclude>
    <ClInclude Include="Objects\GUI\StaticGUIElement.h">
      <Filter>Header Files</Filter>
    </ClInclude>
    <ClInclude Include="Objects\GUI\IGUIElement.h">
      <Filter>Header Files</Filter>
    </ClInclude>
    <ClInclude Include="Utils\Time\GameTime.h">
      <Filter>Header Files</Filter>
    </ClInclude>
    <ClInclude Include="Utils\UpdateManager.h">
      <Filter>Header Files</Filter>
    </ClInclude>
    <ClInclude Include="Utils\RemoveableUpdateable.h">
      <Filter>Header Files</Filter>
    </ClInclude>
    <ClInclude Include="Utils\ConstUpdateable.h">
      <Filter>Header Files</Filter>
    </ClInclude>
    <ClInclude Include="Debug\DebugLog.h">
      <Filter>Header Files</Filter>
    </ClInclude>
    <ClInclude Include="Audio\SoundManager.h">
      <Filter>Header Files</Filter>
    </ClInclude>
    <ClInclude Include="Audio\SoundTypes\Sound.h">
      <Filter>Header Files</Filter>
    </ClInclude>
    <ClInclude Include="Objects\Levels\Data\LevelDataParser.h">
      <Filter>Header Files</Filter>
    </ClInclude>
    <ClInclude Include="Game\Level.h">
      <Filter>Header Files</Filter>
    </ClInclude>
    <ClInclude Include="Game\Game.h">
      <Filter>Header Files</Filter>
    </ClInclude>
    <ClInclude Include="!TestGame\TestGame.h">
      <Filter>Header Files</Filter>
    </ClInclude>
    <ClInclude Include="Components\Physics\Collision\StaticBoxCollider.h">
      <Filter>Header Files</Filter>
    </ClInclude>
    <ClInclude Include="Components\ComponentObject.h">
      <Filter>Header Files</Filter>
    </ClInclude>
    <ClInclude Include="!TestGame\Mappings.h">
      <Filter>Header Files</Filter>
    </ClInclude>
    <ClInclude Include="Components\Physics\PhysicsComponent.h">
      <Filter>Header Files</Filter>
    </ClInclude>
    <ClInclude Include="Components\Physics\GravityComponent.h">
      <Filter>Header Files</Filter>
    </ClInclude>
    <ClInclude Include="Components\Physics\Collision\CollisionManager.h">
      <Filter>Header Files</Filter>
    </ClInclude>
    <ClInclude Include="Components\Physics\Collision\StaticCollider.h">
      <Filter>Header Files</Filter>
    </ClInclude>
    <ClInclude Include="Components\Physics\Collision\ActiveCollider.h">
      <Filter>Header Files</Filter>
    </ClInclude>
    <ClInclude Include="Components\Physics\Collision\ActiveBoxCollider.h">
      <Filter>Header Files</Filter>
    </ClInclude>
    <ClInclude Include="Components\Physics\Collision\Helpers\StaticBoxCollisionObject.h">
      <Filter>Header Files</Filter>
    </ClInclude>
    <ClInclude Include="Components\Physics\Collision\PixelPerfectCollider.h">
      <Filter>Header Files</Filter>
    </ClInclude>
    <ClInclude Include="!TestGame\Objects\Player\Player.h">
      <Filter>Header Files</Filter>
    </ClInclude>
    <ClInclude Include="Components\Animation\AnimatorComponent.h">
      <Filter>Header Files</Filter>
    </ClInclude>
    <ClInclude Include="Components\Animation\Animation.h">
      <Filter>Header Files</Filter>
    </ClInclude>
    <ClInclude Include="!TestGame\Objects\Environment\Water.h">
      <Filter>Header Files</Filter>
    </ClInclude>
    <ClInclude Include="Rendering\DynamicSprite.h">
      <Filter>Header Files</Filter>
    </ClInclude>
    <ClInclude Include="!TestGame\Camera\GameCamera.h">
      <Filter>Header Files</Filter>
    </ClInclude>
    <ClInclude Include="!TestGame\Objects\Environment\CloudGenerator.h">
      <Filter>Header Files</Filter>
    </ClInclude>
    <ClInclude Include="Components\Physics\Collision\Helpers\PixelPerfectColliderStaticObject.h">
      <Filter>Header Files</Filter>
    </ClInclude>
    <ClInclude Include="!TestGame\Objects\Environment\BackgroundObjects.h">
      <Filter>Header Files</Filter>
    </ClInclude>
    <ClInclude Include="!TestGame\Objects\Environment\BGParallax.h">
      <Filter>Header Files</Filter>
    </ClInclude>
    <ClInclude Include="Settings\AppDataFileManager.h">
      <Filter>Header Files</Filter>
    </ClInclude>
    <ClInclude Include="Settings\SettingsGlobals.h">
      <Filter>Header Files</Filter>
    </ClInclude>
    <ClInclude Include="MusicSync\MusicSync.h">
      <Filter>Header Files</Filter>
    </ClInclude>
    <ClInclude Include="Debug\LevelBuilder\LevelBuilder.h">
      <Filter>Header Files</Filter>
    </ClInclude>
    <ClInclude Include="Objects\GUI\GUIButton.h">
      <Filter>Header Files</Filter>
    </ClInclude>
    <ClInclude Include="Objects\GUI\GUIManager.h">
      <Filter>Header Files</Filter>
    </ClInclude>
    <ClInclude Include="Debug\LevelBuilder\SpawnObjects.h">
      <Filter>Header Files</Filter>
    </ClInclude>
    <ClInclude Include="Components\Physics\Collision\Helpers\BasicMovingPlatform.h">
      <Filter>Header Files</Filter>
    </ClInclude>
    <ClInclude Include="Components\ChildGameObject.h">
      <Filter>Header Files</Filter>
    </ClInclude>
    <ClInclude Include="!TestGame\Items\FloorItem.h">
      <Filter>Header Files</Filter>
    </ClInclude>
    <ClInclude Include="!TestGame\Items\InventoryItem.h">
      <Filter>Header Files</Filter>
    </ClInclude>
    <ClInclude Include="!TestGame\Items\ItemType.h">
      <Filter>Header Files</Filter>
    </ClInclude>
    <ClInclude Include="Components\Physics\Collision\RotationalBoxCollider.h">
      <Filter>Header Files</Filter>
    </ClInclude>
    <ClInclude Include="Utils\Math\VMath.h">
      <Filter>Header Files</Filter>
    </ClInclude>
    <ClInclude Include="Components\Physics\Collision\Helpers\ActiveRotationalBoxCollisionGravityObject.h">
      <Filter>Header Files</Filter>
    </ClInclude>
    <ClInclude Include="Components\Physics\RotationalCircleCollider.h">
      <Filter>Header Files</Filter>
    </ClInclude>
    <ClInclude Include="Objects\GUI\Menus\GUIMenu.h">
      <Filter>Header Files</Filter>
    </ClInclude>
    <ClInclude Include="Objects\GUI\Text\TextRenderer.h">
      <Filter>Header Files</Filter>
    </ClInclude>
    <ClInclude Include="Objects\GUI\Progress\ProgressBar.h">
      <Filter>Header Files</Filter>
    </ClInclude>
    <ClInclude Include="!TestGame\Items\Inventory.h">
      <Filter>Header Files</Filter>
    </ClInclude>
    <ClInclude Include="!TestGame\Level\GlobalLevelData.h">
      <Filter>Header Files</Filter>
    </ClInclude>
    <ClInclude Include="Objects\Instantiate\LevelObjectHandler.h">
      <Filter>Header Files</Filter>
    </ClInclude>
    <ClInclude Include="Objects\Particles\ParticleEmitter.h">
      <Filter>Header Files</Filter>
    </ClInclude>
    <ClInclude Include="Resources\Save\SaveManager.h">
      <Filter>Header Files</Filter>
    </ClInclude>
    <ClInclude Include="Objects\GameObjectState.h">
      <Filter>Header Files</Filter>
    </ClInclude>
    <ClInclude Include="Objects\StateSaver.h">
      <Filter>Header Files</Filter>
    </ClInclude>
    <ClInclude Include="!TestGame\Objects\Environment\Plants\Tree.h">
      <Filter>Header Files</Filter>
    </ClInclude>
    <ClInclude Include="!TestGame\Objects\Player\ScreenInventory.h">
      <Filter>Header Files</Filter>
    </ClInclude>
    <ClInclude Include="Objects\Helpers\Interactable.h">
      <Filter>Header Files</Filter>
    </ClInclude>
    <ClInclude Include="!TestGame\InputDisplay\DisplayIconManager.h">
      <Filter>Header Files</Filter>
    </ClInclude>
    <ClInclude Include="!TestGame\Objects\Components\Climbable.h">
      <Filter>Header Files</Filter>
    </ClInclude>
    <ClInclude Include="!TestGame\Items\Inventories\InventoryContainer.h">
      <Filter>Header Files</Filter>
    </ClInclude>
    <ClInclude Include="EngineCompileOptions.h">
      <Filter>Header Files</Filter>
    </ClInclude>
    <ClInclude Include="!TestGame\Items\Inventories\InventoryContainerRenderer.h">
      <Filter>Header Files</Filter>
    </ClInclude>
    <ClInclude Include="CustomCompileOptions.h">
      <Filter>Header Files</Filter>
    </ClInclude>
    <ClInclude Include="Objects\Helpers\Trigger.h">
      <Filter>Header Files</Filter>
    </ClInclude>
    <ClInclude Include="Objects\Helpers\Triggers\CameraTrigger.h">
      <Filter>Header Files</Filter>
    </ClInclude>
    <ClInclude Include="!TestGame\Level\LevelInfoDisplay.h">
      <Filter>Header Files</Filter>
    </ClInclude>
    <ClInclude Include="!TestGame\Level\LevelManager.h">
      <Filter>Header Files</Filter>
    </ClInclude>
    <ClInclude Include="!TestGame\Objects\Enemies\Enemy.h">
      <Filter>Header Files</Filter>
    </ClInclude>
    <ClInclude Include="!TestGame\Items\Types\Tool.h">
      <Filter>Header Files</Filter>
    </ClInclude>
    <ClInclude Include="Objects\MiscState.h">
      <Filter>Header Files</Filter>
    </ClInclude>
    <ClInclude Include="Objects\MiscStateGroup.h">
      <Filter>Header Files</Filter>
    </ClInclude>
    <ClInclude Include="!TestGame\Objects\Enemies\Types\LeftRightEnemy.h">
      <Filter>Header Files</Filter>
    </ClInclude>
    <ClInclude Include="!TestGame\Objects\LayerFlip.h">
      <Filter>Header Files</Filter>
    </ClInclude>
    <ClInclude Include="!TestGame\Objects\Rooms\FrontWall.h">
      <Filter>Header Files</Filter>
    </ClInclude>
    <ClInclude Include="!TestGame\Objects\Environment\Buildings\FrontWall.h">
      <Filter>Header Files</Filter>
    </ClInclude>
    <ClInclude Include="!TestGame\ItemMapping.h">
      <Filter>Header Files</Filter>
    </ClInclude>
    <ClInclude Include="!TestGame\Objects\Environment\Buildings\Door.h">
      <Filter>Header Files</Filter>
    </ClInclude>
  </ItemGroup>
  <ItemGroup>
    <Image Include="Assets\testing\sprite\1_player.png">
      <Filter>Resource Files</Filter>
    </Image>
    <Image Include="Assets\testing\sprite\2_panel_cross_hatch.png">
      <Filter>Resource Files</Filter>
    </Image>
    <Image Include="Assets\testing\bg\1_test.png">
      <Filter>Resource Files</Filter>
    </Image>
    <Image Include="Assets\testing\sprite\3_grass.png">
      <Filter>Resource Files</Filter>
    </Image>
    <Image Include="Assets\testing\sprite\4_player_hands_up.png">
      <Filter>Resource Files</Filter>
    </Image>
    <Image Include="Assets\testing\sprite\5_test_water.png">
      <Filter>Resource Files</Filter>
    </Image>
    <Image Include="Assets\town_1\bg\1_test.png">
      <Filter>Resource Files</Filter>
    </Image>
    <Image Include="Assets\testing\sprite\6_dirt.png">
      <Filter>Resource Files</Filter>
    </Image>
    <Image Include="Assets\testing\sprite\7_slope_test.png">
      <Filter>Resource Files</Filter>
    </Image>
    <Image Include="Assets\town_1\sprite\1001_player.png">
      <Filter>Resource Files</Filter>
    </Image>
    <Image Include="Assets\town_1\sprite\1002_player_hands_up.png">
      <Filter>Resource Files</Filter>
    </Image>
    <Image Include="Assets\town_1\sprite\1003_1_cloud.png">
      <Filter>Resource Files</Filter>
    </Image>
    <Image Include="Assets\town_1\sprite\1004_2_cloud.png">
      <Filter>Resource Files</Filter>
    </Image>
    <Image Include="Assets\town_1\sprite\1005_3_cloud.png">
      <Filter>Resource Files</Filter>
    </Image>
    <Image Include="Assets\town_1\sprite\1006_grass.png">
      <Filter>Resource Files</Filter>
    </Image>
    <Image Include="Assets\town_1\sprite\1007_grass.png">
      <Filter>Resource Files</Filter>
    </Image>
    <Image Include="Assets\town_1\sprite\1008_grass.png">
      <Filter>Resource Files</Filter>
    </Image>
    <Image Include="Assets\town_1\sprite\1009_grass.png">
      <Filter>Resource Files</Filter>
    </Image>
    <Image Include="Assets\town_1\sprite\1010_bg_hill.png">
      <Filter>Resource Files</Filter>
    </Image>
    <Image Include="Assets\town_1\bg\1001_test.png">
      <Filter>Resource Files</Filter>
    </Image>
    <Image Include="Assets\town_1\bg\1002_sky_empty.png">
      <Filter>Resource Files</Filter>
    </Image>
    <Image Include="Assets\town_1\bg\1003_sky_cloud_low.png">
      <Filter>Resource Files</Filter>
    </Image>
    <Image Include="Assets\town_1\bg\1004_sky_cloud_middle.png">
      <Filter>Resource Files</Filter>
    </Image>
    <Image Include="Assets\town_1\bg\1005_sky_cloud_top.png">
      <Filter>Resource Files</Filter>
    </Image>
    <Image Include="Assets\global_assets\sprite\standing_idle.png">
      <Filter>Resource Files</Filter>
    </Image>
    <Image Include="Assets\global_assets\sprite\10031_util_black_0.5.png">
      <Filter>Resource Files</Filter>
    </Image>
    <Image Include="Assets\global_assets\sprite\100001_player_standing_idle.png">
      <Filter>Resource Files</Filter>
    </Image>
    <Image Include="Assets\global_assets\sprite\100021_player_walk_0.png">
      <Filter>Resource Files</Filter>
    </Image>
    <Image Include="Assets\global_assets\sprite\100022_player_walk_1.png">
      <Filter>Resource Files</Filter>
    </Image>
    <Image Include="Assets\global_assets\sprite\100023_player_walk_2.png">
      <Filter>Resource Files</Filter>
    </Image>
    <Image Include="Assets\global_assets\sprite\100024_player_walk_3.png">
      <Filter>Resource Files</Filter>
    </Image>
    <Image Include="Assets\global_assets\sprite\100025_player_walk_4.png">
      <Filter>Resource Files</Filter>
    </Image>
    <Image Include="Assets\global_assets\sprite\100031_player_run_0.png">
      <Filter>Resource Files</Filter>
    </Image>
    <Image Include="Assets\global_assets\sprite\100032_player_run_1.png">
      <Filter>Resource Files</Filter>
    </Image>
    <Image Include="Assets\global_assets\sprite\100033_player_run_2.png">
      <Filter>Resource Files</Filter>
    </Image>
    <Image Include="Assets\global_assets\sprite\100034_player_run_3.png">
      <Filter>Resource Files</Filter>
    </Image>
    <Image Include="Assets\global_assets\sprite\100035_player_run_4.png">
      <Filter>Resource Files</Filter>
    </Image>
    <Image Include="Assets\global_assets\sprite\100036_player_run_5.png">
      <Filter>Resource Files</Filter>
    </Image>
    <Image Include="Assets\global_assets\sprite\100037_player_run_6.png">
      <Filter>Resource Files</Filter>
    </Image>
    <Image Include="Assets\global_assets\sprite\100038_player_run_7.png">
      <Filter>Resource Files</Filter>
    </Image>
    <Image Include="Assets\town_1\sprite\1011_gear_platform.png">
      <Filter>Resource Files</Filter>
    </Image>
    <Image Include="Assets\town_1\sprite\1012_grass_top_1006.png">
      <Filter>Resource Files</Filter>
    </Image>
    <Image Include="Assets\town_1\sprite\1013_grass_top_1007.png">
      <Filter>Resource Files</Filter>
    </Image>
    <Image Include="Assets\town_1\sprite\1014_grass_top_1008.png">
      <Filter>Resource Files</Filter>
    </Image>
    <Image Include="Assets\town_1\sprite\1015_grass_top_1009.png">
      <Filter>Resource Files</Filter>
    </Image>
    <Image Include="Assets\town_1\sprite\1016_square_hill_end.png">
      <Filter>Resource Files</Filter>
    </Image>
    <Image Include="Assets\town_1\sprite\1017_square_hill_mid.png">
      <Filter>Resource Files</Filter>
    </Image>
    <Image Include="Assets\town_1\sprite\1018_cork_plank.png">
      <Filter>Resource Files</Filter>
    </Image>
    <Image Include="Assets\town_1\sprite\1019_cork_half_plank.png">
      <Filter>Resource Files</Filter>
    </Image>
    <Image Include="Assets\town_1\sprite\1020_spotted_hill_1.png">
      <Filter>Resource Files</Filter>
    </Image>
    <Image Include="Assets\town_1\sprite\1021_spotted_hill_2.png">
      <Filter>Resource Files</Filter>
    </Image>
    <Image Include="Assets\town_1\sprite\1022_spotted_hill_3.png">
      <Filter>Resource Files</Filter>
    </Image>
  </ItemGroup>
  <ItemGroup>
    <None Include="Assets\testing\chunk.pk" />
    <None Include="packages.config" />
    <None Include="Assets\testing\level.dat" />
    <None Include="Assets\testing\object.pk" />
    <None Include="Assets\town_1\object.pk" />
    <None Include="Assets\town_1\chunk.pk" />
    <None Include="Assets\town_1\level.dat" />
    <None Include="Assets\house_1_1\object.pk" />
    <None Include="Assets\house_1_1\chunk.pk" />
    <None Include="Assets\house_1_1\level.dat" />
    <None Include="Assets\game_gui\object.pk" />
    <None Include="Assets\game_gui\chunk.pk" />
    <None Include="Assets\game_gui\level.dat" />
    <None Include="Assets\Menus\pause.pk" />
    <None Include="Assets\Menus\stat_overlay.pk" />
    <None Include="Assets\town_1\objects\leaf_particle_objects.pk" />
    <None Include="cpp.hint" />
    <None Include="Assets\player_house_1_1\chunk.pk" />
    <None Include="Assets\player_house_1_1\level.dat" />
    <None Include="Assets\player_house_1_1\object.pk" />
  </ItemGroup>
  <ItemGroup>
    <Media Include="Assets\testing\music\0_test.wav">
      <Filter>Resource Files</Filter>
    </Media>
    <Media Include="Assets\testing\music\1_idk.mp3" />
    <Media Include="Assets\town_1\music\0_test.wav">
      <Filter>Resource Files</Filter>
    </Media>
    <Media Include="Assets\town_1\music\1_test.wav">
      <Filter>Resource Files</Filter>
    </Media>
  </ItemGroup>
</Project>